
Microsoft Visual Studio Solution File, Format Version 12.00
# Visual Studio Version 17
VisualStudioVersion = 17.0.31903.59
MinimumVisualStudioVersion = 10.0.40219.1
Project("{FAE04EC0-301F-11D3-BF4B-00C04F79EFBC}") = "Auth.API", "Auth.API\Auth.API.csproj", "{4C2C4F36-188E-4131-817B-E78EE2328D8F}"
EndProject
Project("{FAE04EC0-301F-11D3-BF4B-00C04F79EFBC}") = "User.API", "User.API\User.API.csproj", "{0DB98C03-F3C2-490D-97AF-0B3F85BEF416}"
EndProject
Project("{FAE04EC0-301F-11D3-BF4B-00C04F79EFBC}") = "Patient.API", "Patient.API\Patient.API.csproj", "{22B77480-7577-4E1F-A738-395552BE7C36}"
EndProject
Project("{FAE04EC0-301F-11D3-BF4B-00C04F79EFBC}") = "Doctor.API", "Doctor.API\Doctor.API.csproj", "{72A86A7D-5CCA-419E-A257-F68DDA0392C8}"
EndProject
Project("{FAE04EC0-301F-11D3-BF4B-00C04F79EFBC}") = "MedicalStore.API", "MedicalStore.API\MedicalStore.API.csproj", "{F18C3539-9D8D-4823-AAC1-79500D49E56D}"
EndProject
Project("{FAE04EC0-301F-11D3-BF4B-00C04F79EFBC}") = "Gateway.API", "Gateway.API\Gateway.API.csproj", "{76464B32-6EB8-428E-BF7B-13A08429C52E}"
EndProject
Project("{FAE04EC0-301F-11D3-BF4B-00C04F79EFBC}") = "Shared.Models", "Shared.Models\Shared.Models.csproj", "{B690581E-EDA0-487E-847D-E9CBF0E311F9}"
EndProject
Project("{FAE04EC0-301F-11D3-BF4B-00C04F79EFBC}") = "Shared.Services", "Shared.Services\Shared.Services.csproj", "{55DB5A62-A353-49AB-9BB6-10307A40EF7E}"
EndProject
Project("{FAE04EC0-301F-11D3-BF4B-00C04F79EFBC}") = "Notification.API", "Notification.API\Notification.API.csproj", "{B43BC798-12E2-4162-8046-B4271FFC06F8}"
EndProject
Global
	GlobalSection(SolutionConfigurationPlatforms) = preSolution
		Debug|Any CPU = Debug|Any CPU
		Debug|x64 = Debug|x64
		Debug|x86 = Debug|x86
		Release|Any CPU = Release|Any CPU
		Release|x64 = Release|x64
		Release|x86 = Release|x86
	EndGlobalSection
	GlobalSection(ProjectConfigurationPlatforms) = postSolution
		{4C2C4F36-188E-4131-817B-E78EE2328D8F}.Debug|Any CPU.ActiveCfg = Debug|Any CPU
		{4C2C4F36-188E-4131-817B-E78EE2328D8F}.Debug|Any CPU.Build.0 = Debug|Any CPU
		{4C2C4F36-188E-4131-817B-E78EE2328D8F}.Debug|x64.ActiveCfg = Debug|Any CPU
		{4C2C4F36-188E-4131-817B-E78EE2328D8F}.Debug|x64.Build.0 = Debug|Any CPU
		{4C2C4F36-188E-4131-817B-E78EE2328D8F}.Debug|x86.ActiveCfg = Debug|Any CPU
		{4C2C4F36-188E-4131-817B-E78EE2328D8F}.Debug|x86.Build.0 = Debug|Any CPU
		{4C2C4F36-188E-4131-817B-E78EE2328D8F}.Release|Any CPU.ActiveCfg = Release|Any CPU
		{4C2C4F36-188E-4131-817B-E78EE2328D8F}.Release|Any CPU.Build.0 = Release|Any CPU
		{4C2C4F36-188E-4131-817B-E78EE2328D8F}.Release|x64.ActiveCfg = Release|Any CPU
		{4C2C4F36-188E-4131-817B-E78EE2328D8F}.Release|x64.Build.0 = Release|Any CPU
		{4C2C4F36-188E-4131-817B-E78EE2328D8F}.Release|x86.ActiveCfg = Release|Any CPU
		{4C2C4F36-188E-4131-817B-E78EE2328D8F}.Release|x86.Build.0 = Release|Any CPU
		{0DB98C03-F3C2-490D-97AF-0B3F85BEF416}.Debug|Any CPU.ActiveCfg = Debug|Any CPU
		{0DB98C03-F3C2-490D-97AF-0B3F85BEF416}.Debug|Any CPU.Build.0 = Debug|Any CPU
		{0DB98C03-F3C2-490D-97AF-0B3F85BEF416}.Debug|x64.ActiveCfg = Debug|Any CPU
		{0DB98C03-F3C2-490D-97AF-0B3F85BEF416}.Debug|x64.Build.0 = Debug|Any CPU
		{0DB98C03-F3C2-490D-97AF-0B3F85BEF416}.Debug|x86.ActiveCfg = Debug|Any CPU
		{0DB98C03-F3C2-490D-97AF-0B3F85BEF416}.Debug|x86.Build.0 = Debug|Any CPU
		{0DB98C03-F3C2-490D-97AF-0B3F85BEF416}.Release|Any CPU.ActiveCfg = Release|Any CPU
		{0DB98C03-F3C2-490D-97AF-0B3F85BEF416}.Release|Any CPU.Build.0 = Release|Any CPU
		{0DB98C03-F3C2-490D-97AF-0B3F85BEF416}.Release|x64.ActiveCfg = Release|Any CPU
		{0DB98C03-F3C2-490D-97AF-0B3F85BEF416}.Release|x64.Build.0 = Release|Any CPU
		{0DB98C03-F3C2-490D-97AF-0B3F85BEF416}.Release|x86.ActiveCfg = Release|Any CPU
		{0DB98C03-F3C2-490D-97AF-0B3F85BEF416}.Release|x86.Build.0 = Release|Any CPU
		{22B77480-7577-4E1F-A738-395552BE7C36}.Debug|Any CPU.ActiveCfg = Debug|Any CPU
		{22B77480-7577-4E1F-A738-395552BE7C36}.Debug|Any CPU.Build.0 = Debug|Any CPU
		{22B77480-7577-4E1F-A738-395552BE7C36}.Debug|x64.ActiveCfg = Debug|Any CPU
		{22B77480-7577-4E1F-A738-395552BE7C36}.Debug|x64.Build.0 = Debug|Any CPU
		{22B77480-7577-4E1F-A738-395552BE7C36}.Debug|x86.ActiveCfg = Debug|Any CPU
		{22B77480-7577-4E1F-A738-395552BE7C36}.Debug|x86.Build.0 = Debug|Any CPU
		{22B77480-7577-4E1F-A738-395552BE7C36}.Release|Any CPU.ActiveCfg = Release|Any CPU
		{22B77480-7577-4E1F-A738-395552BE7C36}.Release|Any CPU.Build.0 = Release|Any CPU
		{22B77480-7577-4E1F-A738-395552BE7C36}.Release|x64.ActiveCfg = Release|Any CPU
		{22B77480-7577-4E1F-A738-395552BE7C36}.Release|x64.Build.0 = Release|Any CPU
		{22B77480-7577-4E1F-A738-395552BE7C36}.Release|x86.ActiveCfg = Release|Any CPU
		{22B77480-7577-4E1F-A738-395552BE7C36}.Release|x86.Build.0 = Release|Any CPU
		{72A86A7D-5CCA-419E-A257-F68DDA0392C8}.Debug|Any CPU.ActiveCfg = Debug|Any CPU
		{72A86A7D-5CCA-419E-A257-F68DDA0392C8}.Debug|Any CPU.Build.0 = Debug|Any CPU
		{72A86A7D-5CCA-419E-A257-F68DDA0392C8}.Debug|x64.ActiveCfg = Debug|Any CPU
		{72A86A7D-5CCA-419E-A257-F68DDA0392C8}.Debug|x64.Build.0 = Debug|Any CPU
		{72A86A7D-5CCA-419E-A257-F68DDA0392C8}.Debug|x86.ActiveCfg = Debug|Any CPU
		{72A86A7D-5CCA-419E-A257-F68DDA0392C8}.Debug|x86.Build.0 = Debug|Any CPU
		{72A86A7D-5CCA-419E-A257-F68DDA0392C8}.Release|Any CPU.ActiveCfg = Release|Any CPU
		{72A86A7D-5CCA-419E-A257-F68DDA0392C8}.Release|Any CPU.Build.0 = Release|Any CPU
		{72A86A7D-5CCA-419E-A257-F68DDA0392C8}.Release|x64.ActiveCfg = Release|Any CPU
		{72A86A7D-5CCA-419E-A257-F68DDA0392C8}.Release|x64.Build.0 = Release|Any CPU
		{72A86A7D-5CCA-419E-A257-F68DDA0392C8}.Release|x86.ActiveCfg = Release|Any CPU
		{72A86A7D-5CCA-419E-A257-F68DDA0392C8}.Release|x86.Build.0 = Release|Any CPU
		{F18C3539-9D8D-4823-AAC1-79500D49E56D}.Debug|Any CPU.ActiveCfg = Debug|Any CPU
		{F18C3539-9D8D-4823-AAC1-79500D49E56D}.Debug|Any CPU.Build.0 = Debug|Any CPU
		{F18C3539-9D8D-4823-AAC1-79500D49E56D}.Debug|x64.ActiveCfg = Debug|Any CPU
		{F18C3539-9D8D-4823-AAC1-79500D49E56D}.Debug|x64.Build.0 = Debug|Any CPU
		{F18C3539-9D8D-4823-AAC1-79500D49E56D}.Debug|x86.ActiveCfg = Debug|Any CPU
		{F18C3539-9D8D-4823-AAC1-79500D49E56D}.Debug|x86.Build.0 = Debug|Any CPU
		{F18C3539-9D8D-4823-AAC1-79500D49E56D}.Release|Any CPU.ActiveCfg = Release|Any CPU
		{F18C3539-9D8D-4823-AAC1-79500D49E56D}.Release|Any CPU.Build.0 = Release|Any CPU
		{F18C3539-9D8D-4823-AAC1-79500D49E56D}.Release|x64.ActiveCfg = Release|Any CPU
		{F18C3539-9D8D-4823-AAC1-79500D49E56D}.Release|x64.Build.0 = Release|Any CPU
		{F18C3539-9D8D-4823-AAC1-79500D49E56D}.Release|x86.ActiveCfg = Release|Any CPU
		{F18C3539-9D8D-4823-AAC1-79500D49E56D}.Release|x86.Build.0 = Release|Any CPU
		{76464B32-6EB8-428E-BF7B-13A08429C52E}.Debug|Any CPU.ActiveCfg = Debug|Any CPU
		{76464B32-6EB8-428E-BF7B-13A08429C52E}.Debug|Any CPU.Build.0 = Debug|Any CPU
		{76464B32-6EB8-428E-BF7B-13A08429C52E}.Debug|x64.ActiveCfg = Debug|Any CPU
		{76464B32-6EB8-428E-BF7B-13A08429C52E}.Debug|x64.Build.0 = Debug|Any CPU
		{76464B32-6EB8-428E-BF7B-13A08429C52E}.Debug|x86.ActiveCfg = Debug|Any CPU
		{76464B32-6EB8-428E-BF7B-13A08429C52E}.Debug|x86.Build.0 = Debug|Any CPU
		{76464B32-6EB8-428E-BF7B-13A08429C52E}.Release|Any CPU.ActiveCfg = Release|Any CPU
		{76464B32-6EB8-428E-BF7B-13A08429C52E}.Release|Any CPU.Build.0 = Release|Any CPU
		{76464B32-6EB8-428E-BF7B-13A08429C52E}.Release|x64.ActiveCfg = Release|Any CPU
		{76464B32-6EB8-428E-BF7B-13A08429C52E}.Release|x64.Build.0 = Release|Any CPU
		{76464B32-6EB8-428E-BF7B-13A08429C52E}.Release|x86.ActiveCfg = Release|Any CPU
		{76464B32-6EB8-428E-BF7B-13A08429C52E}.Release|x86.Build.0 = Release|Any CPU
		{B690581E-EDA0-487E-847D-E9CBF0E311F9}.Debug|Any CPU.ActiveCfg = Debug|Any CPU
		{B690581E-EDA0-487E-847D-E9CBF0E311F9}.Debug|Any CPU.Build.0 = Debug|Any CPU
		{B690581E-EDA0-487E-847D-E9CBF0E311F9}.Debug|x64.ActiveCfg = Debug|Any CPU
		{B690581E-EDA0-487E-847D-E9CBF0E311F9}.Debug|x64.Build.0 = Debug|Any CPU
		{B690581E-EDA0-487E-847D-E9CBF0E311F9}.Debug|x86.ActiveCfg = Debug|Any CPU
		{B690581E-EDA0-487E-847D-E9CBF0E311F9}.Debug|x86.Build.0 = Debug|Any CPU
		{B690581E-EDA0-487E-847D-E9CBF0E311F9}.Release|Any CPU.ActiveCfg = Release|Any CPU
		{B690581E-EDA0-487E-847D-E9CBF0E311F9}.Release|Any CPU.Build.0 = Release|Any CPU
		{B690581E-EDA0-487E-847D-E9CBF0E311F9}.Release|x64.ActiveCfg = Release|Any CPU
		{B690581E-EDA0-487E-847D-E9CBF0E311F9}.Release|x64.Build.0 = Release|Any CPU
		{B690581E-EDA0-487E-847D-E9CBF0E311F9}.Release|x86.ActiveCfg = Release|Any CPU
		{B690581E-EDA0-487E-847D-E9CBF0E311F9}.Release|x86.Build.0 = Release|Any CPU
		{55DB5A62-A353-49AB-9BB6-10307A40EF7E}.Debug|Any CPU.ActiveCfg = Debug|Any CPU
		{55DB5A62-A353-49AB-9BB6-10307A40EF7E}.Debug|Any CPU.Build.0 = Debug|Any CPU
		{55DB5A62-A353-49AB-9BB6-10307A40EF7E}.Debug|x64.ActiveCfg = Debug|Any CPU
		{55DB5A62-A353-49AB-9BB6-10307A40EF7E}.Debug|x64.Build.0 = Debug|Any CPU
		{55DB5A62-A353-49AB-9BB6-10307A40EF7E}.Debug|x86.ActiveCfg = Debug|Any CPU
		{55DB5A62-A353-49AB-9BB6-10307A40EF7E}.Debug|x86.Build.0 = Debug|Any CPU
		{55DB5A62-A353-49AB-9BB6-10307A40EF7E}.Release|Any CPU.ActiveCfg = Release|Any CPU
		{55DB5A62-A353-49AB-9BB6-10307A40EF7E}.Release|Any CPU.Build.0 = Release|Any CPU
		{55DB5A62-A353-49AB-9BB6-10307A40EF7E}.Release|x64.ActiveCfg = Release|Any CPU
		{55DB5A62-A353-49AB-9BB6-10307A40EF7E}.Release|x64.Build.0 = Release|Any CPU
		{55DB5A62-A353-49AB-9BB6-10307A40EF7E}.Release|x86.ActiveCfg = Release|Any CPU
		{55DB5A62-A353-49AB-9BB6-10307A40EF7E}.Release|x86.Build.0 = Release|Any CPU
		{B43BC798-12E2-4162-8046-B4271FFC06F8}.Debug|Any CPU.ActiveCfg = Debug|Any CPU
		{B43BC798-12E2-4162-8046-B4271FFC06F8}.Debug|Any CPU.Build.0 = Debug|Any CPU
		{B43BC798-12E2-4162-8046-B4271FFC06F8}.Debug|x64.ActiveCfg = Debug|Any CPU
		{B43BC798-12E2-4162-8046-B4271FFC06F8}.Debug|x64.Build.0 = Debug|Any CPU
		{B43BC798-12E2-4162-8046-B4271FFC06F8}.Debug|x86.ActiveCfg = Debug|Any CPU
		{B43BC798-12E2-4162-8046-B4271FFC06F8}.Debug|x86.Build.0 = Debug|Any CPU
		{B43BC798-12E2-4162-8046-B4271FFC06F8}.Release|Any CPU.ActiveCfg = Release|Any CPU
		{B43BC798-12E2-4162-8046-B4271FFC06F8}.Release|Any CPU.Build.0 = Release|Any CPU
		{B43BC798-12E2-4162-8046-B4271FFC06F8}.Release|x64.ActiveCfg = Release|Any CPU
		{B43BC798-12E2-4162-8046-B4271FFC06F8}.Release|x64.Build.0 = Release|Any CPU
		{B43BC798-12E2-4162-8046-B4271FFC06F8}.Release|x86.ActiveCfg = Release|Any CPU
		{B43BC798-12E2-4162-8046-B4271FFC06F8}.Release|x86.Build.0 = Release|Any CPU
	EndGlobalSection
	GlobalSection(SolutionProperties) = preSolution
		HideSolutionNode = FALSE
	EndGlobalSection
EndGlobal
